
Microsoft Visual Studio Solution File, Format Version 12.00
# Visual Studio Version 17
VisualStudioVersion = 17.11.35312.102
MinimumVisualStudioVersion = 10.0.40219.1
Project("{FAE04EC0-301F-11D3-BF4B-00C04F79EFBC}") = "Webshop.Backend", "Webshop.Backend\Webshop.Backend.csproj", "{16814927-9121-4670-914D-305DFFB62EED}"
EndProject
Project("{FAE04EC0-301F-11D3-BF4B-00C04F79EFBC}") = "Webshop.Client", "Webshop.Client\Webshop.Client.csproj", "{BF714561-A456-4684-828D-9316F8F9E83F}"
EndProject
Project("{FAE04EC0-301F-11D3-BF4B-00C04F79EFBC}") = "Webshop.Shared", "Webshop.Shared\Webshop.Shared.csproj", "{C7340218-8B84-4F43-A306-1FF3DDF08FD2}"
EndProject
Global
	GlobalSection(SolutionConfigurationPlatforms) = preSolution
		Debug|Any CPU = Debug|Any CPU
		Release|Any CPU = Release|Any CPU
	EndGlobalSection
	GlobalSection(ProjectConfigurationPlatforms) = postSolution
		{16814927-9121-4670-914D-305DFFB62EED}.Debug|Any CPU.ActiveCfg = Debug|Any CPU
		{16814927-9121-4670-914D-305DFFB62EED}.Debug|Any CPU.Build.0 = Debug|Any CPU
		{16814927-9121-4670-914D-305DFFB62EED}.Release|Any CPU.ActiveCfg = Release|Any CPU
		{16814927-9121-4670-914D-305DFFB62EED}.Release|Any CPU.Build.0 = Release|Any CPU
		{BF714561-A456-4684-828D-9316F8F9E83F}.Debug|Any CPU.ActiveCfg = Debug|Any CPU
		{BF714561-A456-4684-828D-9316F8F9E83F}.Debug|Any CPU.Build.0 = Debug|Any CPU
		{BF714561-A456-4684-828D-9316F8F9E83F}.Release|Any CPU.ActiveCfg = Release|Any CPU
		{BF714561-A456-4684-828D-9316F8F9E83F}.Release|Any CPU.Build.0 = Release|Any CPU
		{C7340218-8B84-4F43-A306-1FF3DDF08FD2}.Debug|Any CPU.ActiveCfg = Debug|Any CPU
		{C7340218-8B84-4F43-A306-1FF3DDF08FD2}.Debug|Any CPU.Build.0 = Debug|Any CPU
		{C7340218-8B84-4F43-A306-1FF3DDF08FD2}.Release|Any CPU.ActiveCfg = Release|Any CPU
		{C7340218-8B84-4F43-A306-1FF3DDF08FD2}.Release|Any CPU.Build.0 = Release|Any CPU
	EndGlobalSection
	GlobalSection(SolutionProperties) = preSolution
		HideSolutionNode = FALSE
	EndGlobalSection
	GlobalSection(ExtensibilityGlobals) = postSolution
		SolutionGuid = {C784A900-26AB-434E-9F11-49FEBE5320CA}
	EndGlobalSection
EndGlobal
